PODS:
  - Capacitor (8.0.0):
    - CapacitorCordova
  - CapacitorApp (8.0.0):
    - Capacitor
  - CapacitorCommunityAdmob (7.2.0):
    - Capacitor
    - Google-Mobile-Ads-SDK (= 12.12.0)
    - GoogleUserMessagingPlatform (= 3.0.0)
  - CapacitorCordova (8.0.0)
  - CapacitorPluginAppTrackingTransparency (3.0.0):
    - Capacitor
  - CapacitorShare (8.0.0):
    - Capacitor
  - CapacitorStatusBar (8.0.0):
    - Capacitor
  - Google-Mobile-Ads-SDK (12.12.0):
    - GoogleUserMessagingPlatform (>= 1.1)
  - GoogleUserMessagingPlatform (3.0.0)
  - PurchasesHybridCommon (17.24.0):
    - RevenueCat (= 5.50.1)
  - RevenueCat (5.50.1)
  - RevenuecatPurchasesCapacitor (11.3.1):
    - Capacitor
    - PurchasesHybridCommon (= 17.24.0)

DEPENDENCIES:
  - "Capacitor (from `../../node_modules/@capacitor/ios`)"
  - "CapacitorApp (from `../../node_modules/@capacitor/app`)"
  - "CapacitorCommunityAdmob (from `../../node_modules/@capacitor-community/admob`)"
  - "CapacitorCordova (from `../../node_modules/@capacitor/ios`)"
  - CapacitorPluginAppTrackingTransparency (from `../../node_modules/capacitor-plugin-app-tracking-transparency`)
  - "CapacitorShare (from `../../node_modules/@capacitor/share`)"
  - "CapacitorStatusBar (from `../../node_modules/@capacitor/status-bar`)"
  - "RevenuecatPurchasesCapacitor (from `../../node_modules/@revenuecat/purchases-capacitor`)"

SPEC REPOS:
  trunk:
    - Google-Mobile-Ads-SDK
    - GoogleUserMessagingPlatform
    - PurchasesHybridCommon
    - RevenueCat

EXTERNAL SOURCES:
  Capacitor:
    :path: "../../node_modules/@capacitor/ios"
  CapacitorApp:
    :path: "../../node_modules/@capacitor/app"
  CapacitorCommunityAdmob:
    :path: "../../node_modules/@capacitor-community/admob"
  CapacitorCordova:
    :path: "../../node_modules/@capacitor/ios"
  CapacitorPluginAppTrackingTransparency:
    :path: "../../node_modules/capacitor-plugin-app-tracking-transparency"
  CapacitorShare:
    :path: "../../node_modules/@capacitor/share"
  CapacitorStatusBar:
    :path: "../../node_modules/@capacitor/status-bar"
  RevenuecatPurchasesCapacitor:
    :path: "../../node_modules/@revenuecat/purchases-capacitor"

SPEC CHECKSUMS:
  Capacitor: 341ff7cf652ec695d1a8ebf604db448ac7b6d635
  CapacitorApp: 3963a84197280757b84f126afd1520a85ae3b092
  CapacitorCommunityAdmob: 04498ca8d01a097aa7d9d80584094b6b3419ec3f
  CapacitorCordova: 5dc3912d25ef770a3fe0f431bb65c9fbfa2e92f9
  CapacitorPluginAppTrackingTransparency: f0df8fe65d07d3854de3dad832caf192262bbaa5
  CapacitorShare: 12f1d192170cbcf9f108fd675ac8e343761a4638
  CapacitorStatusBar: 312e2e67928dfe9514c4a8916a1fd610552f5f35
  Google-Mobile-Ads-SDK: 4dde70a8c18d96b14f9548759b8cec6ecb0bc3e6
  GoogleUserMessagingPlatform: f8d0cdad3ca835406755d0a69aa634f00e76d576
  PurchasesHybridCommon: 3b79d2602b94ed9ee3e8c4b31be4cd2a640c9dc9
  RevenueCat: c676920ae9b3c9cd08c49d26e7cd4c04a0263069
  RevenuecatPurchasesCapacitor: a0fa3ff35b975b6bbaf4e1562669ba04c5f6ed55

PODFILE CHECKSUM: 4f0c280eedabd5bdfd4e4310c058316fcf296874

COCOAPODS: 1.16.2
